// !$*UTF8*$!
{
	archiveVersion = 1;
	classes = {
	};
	objectVersion = 46;
	objects = {

/* Begin PBXBuildFile section */
		27B427D218DCAFD70006BDC0 /* Foundation.framework in Frameworks */ = {isa = PBXBuildFile; fileRef = 27B427D118DCAFD70006BDC0 /* Foundation.framework */; };
		27B427D418DCAFD70006BDC0 /* CoreGraphics.framework in Frameworks */ = {isa = PBXBuildFile; fileRef = 27B427D318DCAFD70006BDC0 /* CoreGraphics.framework */; };
		27B427D618DCAFD70006BDC0 /* UIKit.framework in Frameworks */ = {isa = PBXBuildFile; fileRef = 27B427D518DCAFD70006BDC0 /* UIKit.framework */; };
		27B427DC18DCAFD70006BDC0 /* InfoPlist.strings in Resources */ = {isa = PBXBuildFile; fileRef = 27B427DA18DCAFD70006BDC0 /* InfoPlist.strings */; };
		27B427DE18DCAFD70006BDC0 /* main.m in Sources */ = {isa = PBXBuildFile; fileRef = 27B427DD18DCAFD70006BDC0 /* main.m */; };
		27B427E218DCAFD70006BDC0 /* AppDelegate.m in Sources */ = {isa = PBXBuildFile; fileRef = 27B427E118DCAFD70006BDC0 /* AppDelegate.m */; };
		27B427E418DCAFD70006BDC0 /* Images.xcassets in Resources */ = {isa = PBXBuildFile; fileRef = 27B427E318DCAFD70006BDC0 /* Images.xcassets */; };
		27B427EB18DCAFD70006BDC0 /* XCTest.framework in Frameworks */ = {isa = PBXBuildFile; fileRef = 27B427EA18DCAFD70006BDC0 /* XCTest.framework */; };
		27B427EC18DCAFD70006BDC0 /* Foundation.framework in Frameworks */ = {isa = PBXBuildFile; fileRef = 27B427D118DCAFD70006BDC0 /* Foundation.framework */; };
		27B427ED18DCAFD70006BDC0 /* UIKit.framework in Frameworks */ = {isa = PBXBuildFile; fileRef = 27B427D518DCAFD70006BDC0 /* UIKit.framework */; };
		27B427F518DCAFD80006BDC0 /* InfoPlist.strings in Resources */ = {isa = PBXBuildFile; fileRef = 27B427F318DCAFD80006BDC0 /* InfoPlist.strings */; };
		27B427F718DCAFD80006BDC0 /* myOsAppTests.m in Sources */ = {isa = PBXBuildFile; fileRef = 27B427F618DCAFD80006BDC0 /* myOsAppTests.m */; };
/* End PBXBuildFile section */

/* Begin PBXContainerItemProxy section */
		27B427EE18DCAFD70006BDC0 /* PBXContainerItemProxy */ = {
			isa = PBXContainerItemProxy;
			containerPortal = 27B427C618DCAFD70006BDC0 /* Project object */;
			proxyType = 1;
			remoteGlobalIDString = 27B427CD18DCAFD70006BDC0;
			remoteInfo = myOsApp;
		};
/* End PBXContainerItemProxy section */

/* Begin PBXFileReference section */
		27B427CE18DCAFD70006BDC0 /* myOsApp.app */ = {isa = PBXFileReference; explicitFileType = wrapper.application; includeInIndex = 0; path = myOsApp.app; sourceTree = BUILT_PRODUCTS_DIR; };
		27B427D118DCAFD70006BDC0 /* Foundation.framework */ = {isa = PBXFileReference; lastKnownFileType = wrapper.framework; name = Foundation.framework; path = System/Library/Frameworks/Foundation.framework; sourceTree = SDKROOT; };
		27B427D318DCAFD70006BDC0 /* CoreGraphics.framework */ = {isa = PBXFileReference; lastKnownFileType = wrapper.framework; name = CoreGraphics.framework; path = System/Library/Frameworks/CoreGraphics.framework; sourceTree = SDKROOT; };
		27B427D518DCAFD70006BDC0 /* UIKit.framework */ = {isa = PBXFileReference; lastKnownFileType = wrapper.framework; name = UIKit.framework; path = System/Library/Frameworks/UIKit.framework; sourceTree = SDKROOT; };
		27B427D918DCAFD70006BDC0 /* myOsApp-Info.plist */ = {isa = PBXFileReference; lastKnownFileType = text.plist.xml; path = "myOsApp-Info.plist"; sourceTree = "<group>"; };
		27B427DB18DCAFD70006BDC0 /* en */ = {isa = PBXFileReference; lastKnownFileType = text.plist.strings; name = en; path = en.lproj/InfoPlist.strings; sourceTree = "<group>"; };
		27B427DD18DCAFD70006BDC0 /* main.m */ = {isa = PBXFileReference; lastKnownFileType = sourcecode.c.objc; path = main.m; sourceTree = "<group>"; };
		27B427DF18DCAFD70006BDC0 /* myOsApp-Prefix.pch */ = {isa = PBXFileReference; lastKnownFileType = sourcecode.c.h; path = "myOsApp-Prefix.pch"; sourceTree = "<group>"; };
		27B427E018DCAFD70006BDC0 /* AppDelegate.h */ = {isa = PBXFileReference; lastKnownFileType = sourcecode.c.h; path = AppDelegate.h; sourceTree = "<group>"; };
		27B427E118DCAFD70006BDC0 /* AppDelegate.m */ = {isa = PBXFileReference; lastKnownFileType = sourcecode.c.objc; path = AppDelegate.m; sourceTree = "<group>"; };
		27B427E318DCAFD70006BDC0 /* Images.xcassets */ = {isa = PBXFileReference; lastKnownFileType = folder.assetcatalog; path = Images.xcassets; sourceTree = "<group>"; };
		27B427E918DCAFD70006BDC0 /* myOsAppTests.xctest */ = {isa = PBXFileReference; explicitFileType = wrapper.cfbundle; includeInIndex = 0; path = myOsAppTests.xctest; sourceTree = BUILT_PRODUCTS_DIR; };
		27B427EA18DCAFD70006BDC0 /* XCTest.framework */ = {isa = PBXFileReference; lastKnownFileType = wrapper.framework; name = XCTest.framework; path = Library/Frameworks/XCTest.framework; sourceTree = DEVELOPER_DIR; };
		27B427F218DCAFD80006BDC0 /* myOsAppTests-Info.plist */ = {isa = PBXFileReference; lastKnownFileType = text.plist.xml; path = "myOsAppTests-Info.plist"; sourceTree = "<group>"; };
		27B427F418DCAFD80006BDC0 /* en */ = {isa = PBXFileReference; lastKnownFileType = text.plist.strings; name = en; path = en.lproj/InfoPlist.strings; sourceTree = "<group>"; };
		27B427F618DCAFD80006BDC0 /* myOsAppTests.m */ = {isa = PBXFileReference; lastKnownFileType = sourcecode.c.objc; path = myOsAppTests.m; sourceTree = "<group>"; };
/* End PBXFileReference section */

/* Begin PBXFrameworksBuildPhase section */
		27B427CB18DCAFD70006BDC0 /* Frameworks */ = {
			isa = PBXFrameworksBuildPhase;
			buildActionMask = 2147483647;
			files = (
				27B427D418DCAFD70006BDC0 /* CoreGraphics.framework in Frameworks */,
				27B427D618DCAFD70006BDC0 /* UIKit.framework in Frameworks */,
				27B427D218DCAFD70006BDC0 /* Foundation.framework in Frameworks */,
			);
			runOnlyForDeploymentPostprocessing = 0;
		};
		27B427E618DCAFD70006BDC0 /* Frameworks */ = {
			isa = PBXFrameworksBuildPhase;
			buildActionMask = 2147483647;
			files = (
				27B427EB18DCAFD70006BDC0 /* XCTest.framework in Frameworks */,
				27B427ED18DCAFD70006BDC0 /* UIKit.framework in Frameworks */,
				27B427EC18DCAFD70006BDC0 /* Foundation.framework in Frameworks */,
			);
			runOnlyForDeploymentPostprocessing = 0;
		};
/* End PBXFrameworksBuildPhase section */

/* Begin PBXGroup section */
		27B427C518DCAFD70006BDC0 = {
			isa = PBXGroup;
			children = (
				27B427D718DCAFD70006BDC0 /* myOsApp */,
				27B427F018DCAFD70006BDC0 /* myOsAppTests */,
				27B427D018DCAFD70006BDC0 /* Frameworks */,
				27B427CF18DCAFD70006BDC0 /* Products */,
			);
			sourceTree = "<group>";
		};
		27B427CF18DCAFD70006BDC0 /* Products */ = {
			isa = PBXGroup;
			children = (
				27B427CE18DCAFD70006BDC0 /* myOsApp.app */,
				27B427E918DCAFD70006BDC0 /* myOsAppTests.xctest */,
			);
			name = Products;
			sourceTree = "<group>";
		};
		27B427D018DCAFD70006BDC0 /* Frameworks */ = {
			isa = PBXGroup;
			children = (
				27B427D118DCAFD70006BDC0 /* Foundation.framework */,
				27B427D318DCAFD70006BDC0 /* CoreGraphics.framework */,
				27B427D518DCAFD70006BDC0 /* UIKit.framework */,
				27B427EA18DCAFD70006BDC0 /* XCTest.framework */,
			);
			name = Frameworks;
			sourceTree = "<group>";
		};
		27B427D718DCAFD70006BDC0 /* myOsApp */ = {
			isa = PBXGroup;
			children = (
				27B427E018DCAFD70006BDC0 /* AppDelegate.h */,
				27B427E118DCAFD70006BDC0 /* AppDelegate.m */,
				27B427E318DCAFD70006BDC0 /* Images.xcassets */,
				27B427D818DCAFD70006BDC0 /* Supporting Files */,
			);
			path = myOsApp;
			sourceTree = "<group>";
		};
		27B427D818DCAFD70006BDC0 /* Supporting Files */ = {
			isa = PBXGroup;
			children = (
				27B427D918DCAFD70006BDC0 /* myOsApp-Info.plist */,
				27B427DA18DCAFD70006BDC0 /* InfoPlist.strings */,
				27B427DD18DCAFD70006BDC0 /* main.m */,
				27B427DF18DCAFD70006BDC0 /* myOsApp-Prefix.pch */,
			);
			name = "Supporting Files";
			sourceTree = "<group>";
		};
		27B427F018DCAFD70006BDC0 /* myOsAppTests */ = {
			isa = PBXGroup;
			children = (
				27B427F618DCAFD80006BDC0 /* myOsAppTests.m */,
				27B427F118DCAFD80006BDC0 /* Supporting Files */,
			);
			path = myOsAppTests;
			sourceTree = "<group>";
		};
		27B427F118DCAFD80006BDC0 /* Supporting Files */ = {
			isa = PBXGroup;
			children = (
				27B427F218DCAFD80006BDC0 /* myOsAppTests-Info.plist */,
				27B427F318DCAFD80006BDC0 /* InfoPlist.strings */,
			);
			name = "Supporting Files";
			sourceTree = "<group>";
		};
/* End PBXGroup section */

/* Begin PBXNativeTarget section */
		27B427CD18DCAFD70006BDC0 /* myOsApp */ = {
			isa = PBXNativeTarget;
			buildConfigurationList = 27B427FA18DCAFD80006BDC0 /* Build configuration list for PBXNativeTarget "myOsApp" */;
			buildPhases = (
				27B427CA18DCAFD70006BDC0 /* Sources */,
				27B427CB18DCAFD70006BDC0 /* Frameworks */,
				27B427CC18DCAFD70006BDC0 /* Resources */,
			);
			buildRules = (
			);
			dependencies = (
			);
			name = myOsApp;
			productName = myOsApp;
			productReference = 27B427CE18DCAFD70006BDC0 /* myOsApp.app */;
			productType = "com.apple.product-type.application";
		};
		27B427E818DCAFD70006BDC0 /* myOsAppTests */ = {
			isa = PBXNativeTarget;
			buildConfigurationList = 27B427FD18DCAFD80006BDC0 /* Build configuration list for PBXNativeTarget "myOsAppTests" */;
			buildPhases = (
				27B427E518DCAFD70006BDC0 /* Sources */,
				27B427E618DCAFD70006BDC0 /* Frameworks */,
				27B427E718DCAFD70006BDC0 /* Resources */,
			);
			buildRules = (
			);
			dependencies = (
				27B427EF18DCAFD70006BDC0 /* PBXTargetDependency */,
			);
			name = myOsAppTests;
			productName = myOsAppTests;
			productReference = 27B427E918DCAFD70006BDC0 /* myOsAppTests.xctest */;
			productType = "com.apple.product-type.bundle.unit-test";
		};
/* End PBXNativeTarget section */

/* Begin PBXProject section */
		27B427C618DCAFD70006BDC0 /* Project object */ = {
			isa = PBXProject;
			attributes = {
				LastUpgradeCheck = 0510;
				ORGANIZATIONNAME = "___FULLUSERNAME___";
				TargetAttributes = {
					27B427E818DCAFD70006BDC0 = {
						TestTargetID = 27B427CD18DCAFD70006BDC0;
					};
				};
			};
			buildConfigurationList = 27B427C918DCAFD70006BDC0 /* Build configuration list for PBXProject "myOsApp" */;
			compatibilityVersion = "Xcode 3.2";
			developmentRegion = English;
			hasScannedForEncodings = 0;
			knownRegions = (
				en,
			);
			mainGroup = 27B427C518DCAFD70006BDC0;
			productRefGroup = 27B427CF18DCAFD70006BDC0 /* Products */;
			projectDirPath = "";
			projectRoot = "";
			targets = (
				27B427CD18DCAFD70006BDC0 /* myOsApp */,
				27B427E818DCAFD70006BDC0 /* myOsAppTests */,
			);
		};
/* End PBXProject section */

/* Begin PBXResourcesBuildPhase section */
		27B427CC18DCAFD70006BDC0 /* Resources */ = {
			isa = PBXResourcesBuildPhase;
			buildActionMask = 2147483647;
			files = (
				27B427DC18DCAFD70006BDC0 /* InfoPlist.strings in Resources */,
				27B427E418DCAFD70006BDC0 /* Images.xcassets in Resources */,
			);
			runOnlyForDeploymentPostprocessing = 0;
		};
		27B427E718DCAFD70006BDC0 /* Resources */ = {
			isa = PBXResourcesBuildPhase;
			buildActionMask = 2147483647;
			files = (
				27B427F518DCAFD80006BDC0 /* InfoPlist.strings in Resources */,
			);
			runOnlyForDeploymentPostprocessing = 0;
		};
/* End PBXResourcesBuildPhase section */

/* Begin PBXSourcesBuildPhase section */
		27B427CA18DCAFD70006BDC0 /* Sources */ = {
			isa = PBXSourcesBuildPhase;
			buildActionMask = 2147483647;
			files = (
				27B427E218DCAFD70006BDC0 /* AppDelegate.m in Sources */,
				27B427DE18DCAFD70006BDC0 /* main.m in Sources */,
			);
			runOnlyForDeploymentPostprocessing = 0;
		};
		27B427E518DCAFD70006BDC0 /* Sources */ = {
			isa = PBXSourcesBuildPhase;
			buildActionMask = 2147483647;
			files = (
				27B427F718DCAFD80006BDC0 /* myOsAppTests.m in Sources */,
			);
			runOnlyForDeploymentPostprocessing = 0;
		};
/* End PBXSourcesBuildPhase section */

/* Begin PBXTargetDependency section */
		27B427EF18DCAFD70006BDC0 /* PBXTargetDependency */ = {
			isa = PBXTargetDependency;
			target = 27B427CD18DCAFD70006BDC0 /* myOsApp */;
			targetProxy = 27B427EE18DCAFD70006BDC0 /* PBXContainerItemProxy */;
		};
/* End PBXTargetDependency section */

/* Begin PBXVariantGroup section */
		27B427DA18DCAFD70006BDC0 /* InfoPlist.strings */ = {
			isa = PBXVariantGroup;
			children = (
				27B427DB18DCAFD70006BDC0 /* en */,
			);
			name = InfoPlist.strings;
			sourceTree = "<group>";
		};
		27B427F318DCAFD80006BDC0 /* InfoPlist.strings */ = {
			isa = PBXVariantGroup;
			children = (
				27B427F418DCAFD80006BDC0 /* en */,
			);
			name = InfoPlist.strings;
			sourceTree = "<group>";
		};
/* End PBXVariantGroup section */

/* Begin XCBuildConfiguration section */
		27B427F818DCAFD80006BDC0 /* Debug */ = {
			isa = XCBuildConfiguration;
			buildSettings = {
				ALWAYS_SEARCH_USER_PATHS = NO;
				CLANG_CXX_LANGUAGE_STANDARD = "gnu++0x";
				CLANG_CXX_LIBRARY = "libc++";
				CLANG_ENABLE_MODULES = YES;
				CLANG_ENABLE_OBJC_ARC = YES;
				CLANG_WARN_BOOL_CONVERSION = YES;
				CLANG_WARN_CONSTANT_CONVERSION = YES;
				CLANG_WARN_DIRECT_OBJC_ISA_USAGE = YES_ERROR;
				CLANG_WARN_EMPTY_BODY = YES;
				CLANG_WARN_ENUM_CONVERSION = YES;
				CLANG_WARN_INT_CONVERSION = YES;
				CLANG_WARN_OBJC_ROOT_CLASS = YES_ERROR;
				CLANG_WARN__DUPLICATE_METHOD_MATCH = YES;
				"CODE_SIGN_IDENTITY[sdk=iphoneos*]" = "iPhone Developer";
				COPY_PHASE_STRIP = NO;
				GCC_C_LANGUAGE_STANDARD = gnu99;
				GCC_DYNAMIC_NO_PIC = NO;
				GCC_OPTIMIZATION_LEVEL = 0;
				GCC_PREPROCESSOR_DEFINITIONS = (
					"DEBUG=1",
					"$(inherited)",
				);
				GCC_SYMBOLS_PRIVATE_EXTERN = NO;
				GCC_WARN_64_TO_32_BIT_CONVERSION = YES;
				GCC_WARN_ABOUT_RETURN_TYPE = YES_ERROR;
				GCC_WARN_UNDECLARED_SELECTOR = YES;
				GCC_WARN_UNINITIALIZED_AUTOS = YES_AGGRESSIVE;
				GCC_WARN_UNUSED_FUNCTION = YES;
				GCC_WARN_UNUSED_VARIABLE = YES;
				IPHONEOS_DEPLOYMENT_TARGET = 7.1;
				ONLY_ACTIVE_ARCH = YES;
				SDKROOT = iphoneos;
			};
			name = Debug;
		};
		27B427F918DCAFD80006BDC0 /* Release */ = {
			isa = XCBuildConfiguration;
			buildSettings = {
				ALWAYS_SEARCH_USER_PATHS = NO;
				CLANG_CXX_LANGUAGE_STANDARD = "gnu++0x";
				CLANG_CXX_LIBRARY = "libc++";
				CLANG_ENABLE_MODULES = YES;
				CLANG_ENABLE_OBJC_ARC = YES;
				CLANG_WARN_BOOL_CONVERSION = YES;
				CLANG_WARN_CONSTANT_CONVERSION = YES;
				CLANG_WARN_DIRECT_OBJC_ISA_USAGE = YES_ERROR;
				CLANG_WARN_EMPTY_BODY = YES;
				CLANG_WARN_ENUM_CONVERSION = YES;
				CLANG_WARN_INT_CONVERSION = YES;
				CLANG_WARN_OBJC_ROOT_CLASS = YES_ERROR;
				CLANG_WARN__DUPLICATE_METHOD_MATCH = YES;
				"CODE_SIGN_IDENTITY[sdk=iphoneos*]" = "iPhone Developer";
				COPY_PHASE_STRIP = YES;
				ENABLE_NS_ASSERTIONS = NO;
				GCC_C_LANGUAGE_STANDARD = gnu99;
				GCC_WARN_64_TO_32_BIT_CONVERSION = YES;
				GCC_WARN_ABOUT_RETURN_TYPE = YES_ERROR;
				GCC_WARN_UNDECLARED_SELECTOR = YES;
				GCC_WARN_UNINITIALIZED_AUTOS = YES_AGGRESSIVE;
				GCC_WARN_UNUSED_FUNCTION = YES;
				GCC_WARN_UNUSED_VARIABLE = YES;
				IPHONEOS_DEPLOYMENT_TARGET = 7.1;
				SDKROOT = iphoneos;
				VALIDATE_PRODUCT = YES;
			};
			name = Release;
		};
		27B427FB18DCAFD80006BDC0 /* Debug */ = {
			isa = XCBuildConfiguration;
			buildSettings = {
				ASSETCATALOG_COMPILER_APPICON_NAME = AppIcon;
				ASSETCATALOG_COMPILER_LAUNCHIMAGE_NAME = LaunchImage;
				GCC_PRECOMPILE_PREFIX_HEADER = YES;
				GCC_PREFIX_HEADER = "myOsApp/myOsApp-Prefix.pch";
				INFOPLIST_FILE = "myOsApp/myOsApp-Info.plist";
				PRODUCT_NAME = "$(TARGET_NAME)";
				WRAPPER_EXTENSION = app;
			};
			name = Debug;
		};
		27B427FC18DCAFD80006BDC0 /* Release */ = {
			isa = XCBuildConfiguration;
			buildSettings = {
				ASSETCATALOG_COMPILER_APPICON_NAME = AppIcon;
				ASSETCATALOG_COMPILER_LAUNCHIMAGE_NAME = LaunchImage;
				GCC_PRECOMPILE_PREFIX_HEADER = YES;
				GCC_PREFIX_HEADER = "myOsApp/myOsApp-Prefix.pch";
				INFOPLIST_FILE = "myOsApp/myOsApp-Info.plist";
				PRODUCT_NAME = "$(TARGET_NAME)";
				WRAPPER_EXTENSION = app;
			};
			name = Release;
		};
		27B427FE18DCAFD80006BDC0 /* Debug */ = {
			isa = XCBuildConfiguration;
			buildSettings = {
				BUNDLE_LOADER = "$(BUILT_PRODUCTS_DIR)/myOsApp.app/myOsApp";
				FRAMEWORK_SEARCH_PATHS = (
					"$(SDKROOT)/Developer/Library/Frameworks",
					"$(inherited)",
					"$(DEVELOPER_FRAMEWORKS_DIR)",
				);
				GCC_PRECOMPILE_PREFIX_HEADER = YES;
				GCC_PREFIX_HEADER = "myOsApp/myOsApp-Prefix.pch";
				GCC_PREPROCESSOR_DEFINITIONS = (
					"DEBUG=1",
					"$(inherited)",
				);
				INFOPLIST_FILE = "myOsAppTests/myOsAppTests-Info.plist";
				PRODUCT_NAME = "$(TARGET_NAME)";
				TEST_HOST = "$(BUNDLE_LOADER)";
				WRAPPER_EXTENSION = xctest;
			};
			name = Debug;
		};
		27B427FF18DCAFD80006BDC0 /* Release */ = {
			isa = XCBuildConfiguration;
			buildSettings = {
				BUNDLE_LOADER = "$(BUILT_PRODUCTS_DIR)/myOsApp.app/myOsApp";
				FRAMEWORK_SEARCH_PATHS = (
					"$(SDKROOT)/Developer/Library/Frameworks",
					"$(inherited)",
					"$(DEVELOPER_FRAMEWORKS_DIR)",
				);
				GCC_PRECOMPILE_PREFIX_HEADER = YES;
				GCC_PREFIX_HEADER = "myOsApp/myOsApp-Prefix.pch";
				INFOPLIST_FILE = "myOsAppTests/myOsAppTests-Info.plist";
				PRODUCT_NAME = "$(TARGET_NAME)";
				TEST_HOST = "$(BUNDLE_LOADER)";
				WRAPPER_EXTENSION = xctest;
			};
			name = Release;
		};
/* End XCBuildConfiguration section */

/* Begin XCConfigurationList section */
		27B427C918DCAFD70006BDC0 /* Build configuration list for PBXProject "myOsApp" */ = {
			isa = XCConfigurationList;
			buildConfigurations = (
				27B427F818DCAFD80006BDC0 /* Debug */,
				27B427F918DCAFD80006BDC0 /* Release */,
			);
			defaultConfigurationIsVisible = 0;
			defaultConfigurationName = Release;
		};
		27B427FA18DCAFD80006BDC0 /* Build configuration list for PBXNativeTarget "myOsApp" */ = {
			isa = XCConfigurationList;
			buildConfigurations = (
				27B427FB18DCAFD80006BDC0 /* Debug */,
				27B427FC18DCAFD80006BDC0 /* Release */,
			);
			defaultConfigurationIsVisible = 0;
		};
		27B427FD18DCAFD80006BDC0 /* Build configuration list for PBXNativeTarget "myOsAppTests" */ = {
			isa = XCConfigurationList;
			buildConfigurations = (
				27B427FE18DCAFD80006BDC0 /* Debug */,
				27B427FF18DCAFD80006BDC0 /* Release */,
			);
			defaultConfigurationIsVisible = 0;
		};
/* End XCConfigurationList section */
	};
	rootObject = 27B427C618DCAFD70006BDC0 /* Project object */;
}
